// !$*UTF8*$!
{
	archiveVersion = 1;
	classes = {
	};
	objectVersion = 77;
	objects = {

/* Begin PBXBuildFile section */
		4C952FEB2FF0BA9D00799AE8 /* ModelsProductLink.swift in Sources */ = {isa = PBXBuildFile; fileRef = 4C952FEA2FF0BA9D00799AE8 /* ModelsProductLink.swift */; };
		4C952FED2FF0BAE700799AE8 /* ViewsProductLinks.swift in Sources */ = {isa = PBXBuildFile; fileRef = 4C952FEC2FF0BAE700799AE8 /* ViewsProductLinks.swift */; };
		4C95318D2FF0E18600799AE8 /* ViewsRoomField.swift in Sources */ = {isa = PBXBuildFile; fileRef = 4C95318C2FF0E18600799AE8 /* ViewsRoomField.swift */; };
		4CD95102300404210099E16F /* FirebaseAI in Frameworks */ = {isa = PBXBuildFile; productRef = 4CD95101300404210099E16F /* FirebaseAI */; };
		4CD95104300404210099E16F /* FirebaseAILogic in Frameworks */ = {isa = PBXBuildFile; productRef = 4CD95103300404210099E16F /* FirebaseAILogic */; };
		4CD95106300404210099E16F /* FirebaseAnalytics in Frameworks */ = {isa = PBXBuildFile; productRef = 4CD95105300404210099E16F /* FirebaseAnalytics */; };
		4CD95108300404210099E16F /* FirebaseAnalyticsCore in Frameworks */ = {isa = PBXBuildFile; productRef = 4CD95107300404210099E16F /* FirebaseAnalyticsCore */; };
		4CD9510A300404210099E16F /* FirebaseAnalyticsIdentitySupport in Frameworks */ = {isa = PBXBuildFile; productRef = 4CD95109300404210099E16F /* FirebaseAnalyticsIdentitySupport */; };
		4CD9510C300404210099E16F /* FirebaseAppCheck in Frameworks */ = {isa = PBXBuildFile; productRef = 4CD9510B300404210099E16F /* FirebaseAppCheck */; };
		4CD9510E300404210099E16F /* FirebaseAppDistribution-Beta in Frameworks */ = {isa = PBXBuildFile; productRef = 4CD9510D300404210099E16F /* FirebaseAppDistribution-Beta */; };
		4CD95110300404210099E16F /* FirebaseAuth in Frameworks */ = {isa = PBXBuildFile; productRef = 4CD9510F300404210099E16F /* FirebaseAuth */; };
		4CD95112300404210099E16F /* FirebaseAuthCombine-Community in Frameworks */ = {isa = PBXBuildFile; productRef = 4CD95111300404210099E16F /* FirebaseAuthCombine-Community */; };
		4CD95114300404210099E16F /* FirebaseCore in Frameworks */ = {isa = PBXBuildFile; productRef = 4CD95113300404210099E16F /* FirebaseCore */; };
		4CD95116300404210099E16F /* FirebaseCrashlytics in Frameworks */ = {isa = PBXBuildFile; productRef = 4CD95115300404210099E16F /* FirebaseCrashlytics */; };
		4CD95118300404210099E16F /* FirebaseDatabase in Frameworks */ = {isa = PBXBuildFile; productRef = 4CD95117300404210099E16F /* FirebaseDatabase */; };
		4CD9511A300404210099E16F /* FirebaseFirestore in Frameworks */ = {isa = PBXBuildFile; productRef = 4CD95119300404210099E16F /* FirebaseFirestore */; };
		4CD9511C300404210099E16F /* FirebaseFirestoreCombine-Community in Frameworks */ = {isa = PBXBuildFile; productRef = 4CD9511B300404210099E16F /* FirebaseFirestoreCombine-Community */; };
		4CD9511E300404210099E16F /* FirebaseFunctions in Frameworks */ = {isa = PBXBuildFile; productRef = 4CD9511D300404210099E16F /* FirebaseFunctions */; };
		4CD95120300404210099E16F /* FirebaseFunctionsCombine-Community in Frameworks */ = {isa = PBXBuildFile; productRef = 4CD9511F300404210099E16F /* FirebaseFunctionsCombine-Community */; };
		4CD95122300404210099E16F /* FirebaseInAppMessaging-Beta in Frameworks */ = {isa = PBXBuildFile; productRef = 4CD95121300404210099E16F /* FirebaseInAppMessaging-Beta */; };
		4CD95124300404210099E16F /* FirebaseInstallations in Frameworks */ = {isa = PBXBuildFile; productRef = 4CD95123300404210099E16F /* FirebaseInstallations */; };
		4CD95126300404210099E16F /* FirebaseMLModelDownloader in Frameworks */ = {isa = PBXBuildFile; productRef = 4CD95125300404210099E16F /* FirebaseMLModelDownloader */; };
		4CD95128300404210099E16F /* FirebaseMessaging in Frameworks */ = {isa = PBXBuildFile; productRef = 4CD95127300404210099E16F /* FirebaseMessaging */; };
		4CD9512A300404210099E16F /* FirebasePerformance in Frameworks */ = {isa = PBXBuildFile; productRef = 4CD95129300404210099E16F /* FirebasePerformance */; };
		4CD9512C300404210099E16F /* FirebaseRemoteConfig in Frameworks */ = {isa = PBXBuildFile; productRef = 4CD9512B300404210099E16F /* FirebaseRemoteConfig */; };
		4CD9512E300404210099E16F /* FirebaseStorage in Frameworks */ = {isa = PBXBuildFile; productRef = 4CD9512D300404210099E16F /* FirebaseStorage */; };
		4CD95130300404210099E16F /* FirebaseStorageCombine-Community in Frameworks */ = {isa = PBXBuildFile; productRef = 4CD9512F300404210099E16F /* FirebaseStorageCombine-Community */; };
/* End PBXBuildFile section */

/* Begin PBXContainerItemProxy section */
		68702FED2CE2F75A00E2BF03 /* PBXContainerItemProxy */ = {
			isa = PBXContainerItemProxy;
			containerPortal = 68702FD42CE2F75900E2BF03 /* Project object */;
			proxyType = 1;
			remoteGlobalIDString = 68702FDB2CE2F75900E2BF03;
			remoteInfo = "Home Maintainer";
		};
		68702FF72CE2F75A00E2BF03 /* PBXContainerItemProxy */ = {
			isa = PBXContainerItemProxy;
			containerPortal = 68702FD42CE2F75900E2BF03 /* Project object */;
			proxyType = 1;
			remoteGlobalIDString = 68702FDB2CE2F75900E2BF03;
			remoteInfo = "Home Maintainer";
		};
/* End PBXContainerItemProxy section */

/* Begin PBXFileReference section */
		4C952FEA2FF0BA9D00799AE8 /* ModelsProductLink.swift */ = {isa = PBXFileReference; lastKnownFileType = sourcecode.swift; path = ModelsProductLink.swift; sourceTree = "<group>"; };
		4C952FEC2FF0BAE700799AE8 /* ViewsProductLinks.swift */ = {isa = PBXFileReference; lastKnownFileType = sourcecode.swift; path = ViewsProductLinks.swift; sourceTree = "<group>"; };
		4C95318C2FF0E18600799AE8 /* ViewsRoomField.swift */ = {isa = PBXFileReference; lastKnownFileType = sourcecode.swift; path = ViewsRoomField.swift; sourceTree = "<group>"; };
		68702FDC2CE2F75900E2BF03 /* Home Maintainer.app */ = {isa = PBXFileReference; explicitFileType = wrapper.application; includeInIndex = 0; path = "Home Maintainer.app"; sourceTree = BUILT_PRODUCTS_DIR; };
		68702FEC2CE2F75A00E2BF03 /* Home MaintainerTests.xctest */ = {isa = PBXFileReference; explicitFileType = wrapper.cfbundle; includeInIndex = 0; path = "Home MaintainerTests.xctest"; sourceTree = BUILT_PRODUCTS_DIR; };
		68702FF62CE2F75A00E2BF03 /* Home MaintainerUITests.xctest */ = {isa = PBXFileReference; explicitFileType = wrapper.cfbundle; includeInIndex = 0; path = "Home MaintainerUITests.xctest"; sourceTree = BUILT_PRODUCTS_DIR; };
/* End PBXFileReference section */

/* Begin PBXFileSystemSynchronizedRootGroup section */
		68702FDE2CE2F75900E2BF03 /* Home Maintainer */ = {
			isa = PBXFileSystemSynchronizedRootGroup;
			path = "Home Maintainer";
			sourceTree = "<group>";
		};
		68702FEF2CE2F75A00E2BF03 /* Home MaintainerTests */ = {
			isa = PBXFileSystemSynchronizedRootGroup;
			path = "Home MaintainerTests";
			sourceTree = "<group>";
		};
		68702FF92CE2F75A00E2BF03 /* Home MaintainerUITests */ = {
			isa = PBXFileSystemSynchronizedRootGroup;
			path = "Home MaintainerUITests";
			sourceTree = "<group>";
		};
/* End PBXFileSystemSynchronizedRootGroup section */

/* Begin PBXFrameworksBuildPhase section */
		68702FD92CE2F75900E2BF03 /* Frameworks */ = {
			isa = PBXFrameworksBuildPhase;
			buildActionMask = 2147483647;
			files = (
				4CD9510E300404210099E16F /* FirebaseAppDistribution-Beta in Frameworks */,
				4CD9511A300404210099E16F /* FirebaseFirestore in Frameworks */,
				4CD95112300404210099E16F /* FirebaseAuthCombine-Community in Frameworks */,
				4CD95124300404210099E16F /* FirebaseInstallations in Frameworks */,
				4CD95104300404210099E16F /* FirebaseAILogic in Frameworks */,
				4CD9510A300404210099E16F /* FirebaseAnalyticsIdentitySupport in Frameworks */,
				4CD95122300404210099E16F /* FirebaseInAppMessaging-Beta in Frameworks */,
				4CD95102300404210099E16F /* FirebaseAI in Frameworks */,
				4CD95116300404210099E16F /* FirebaseCrashlytics in Frameworks */,
				4CD95120300404210099E16F /* FirebaseFunctionsCombine-Community in Frameworks */,
				4CD95130300404210099E16F /* FirebaseStorageCombine-Community in Frameworks */,
				4CD95118300404210099E16F /* FirebaseDatabase in Frameworks */,
				4CD9512E300404210099E16F /* FirebaseStorage in Frameworks */,
				4CD9512C300404210099E16F /* FirebaseRemoteConfig in Frameworks */,
				4CD95106300404210099E16F /* FirebaseAnalytics in Frameworks */,
				4CD95128300404210099E16F /* FirebaseMessaging in Frameworks */,
				4CD95126300404210099E16F /* FirebaseMLModelDownloader in Frameworks */,
				4CD9512A300404210099E16F /* FirebasePerformance in Frameworks */,
				4CD95114300404210099E16F /* FirebaseCore in Frameworks */,
				4CD9510C300404210099E16F /* FirebaseAppCheck in Frameworks */,
				4CD95108300404210099E16F /* FirebaseAnalyticsCore in Frameworks */,
				4CD9511E300404210099E16F /* FirebaseFunctions in Frameworks */,
				4CD95110300404210099E16F /* FirebaseAuth in Frameworks */,
				4CD9511C300404210099E16F /* FirebaseFirestoreCombine-Community in Frameworks */,
			);
			runOnlyForDeploymentPostprocessing = 0;
		};
		68702FE92CE2F75A00E2BF03 /* Frameworks */ = {
			isa = PBXFrameworksBuildPhase;
			buildActionMask = 2147483647;
			files = (
			);
			runOnlyForDeploymentPostprocessing = 0;
		};
		68702FF32CE2F75A00E2BF03 /* Frameworks */ = {
			isa = PBXFrameworksBuildPhase;
			buildActionMask = 2147483647;
			files = (
			);
			runOnlyForDeploymentPostprocessing = 0;
		};
/* End PBXFrameworksBuildPhase section */

/* Begin PBXGroup section */
		68702FD32CE2F75900E2BF03 = {
			isa = PBXGroup;
			children = (
				68702FDE2CE2F75900E2BF03 /* Home Maintainer */,
				68702FEF2CE2F75A00E2BF03 /* Home MaintainerTests */,
				68702FF92CE2F75A00E2BF03 /* Home MaintainerUITests */,
				68702FDD2CE2F75900E2BF03 /* Products */,
				4C952FEA2FF0BA9D00799AE8 /* ModelsProductLink.swift */,
				4C952FEC2FF0BAE700799AE8 /* ViewsProductLinks.swift */,
				4C95318C2FF0E18600799AE8 /* ViewsRoomField.swift */,
			);
			sourceTree = "<group>";
		};
		68702FDD2CE2F75900E2BF03 /* Products */ = {
			isa = PBXGroup;
			children = (
				68702FDC2CE2F75900E2BF03 /* Home Maintainer.app */,
				68702FEC2CE2F75A00E2BF03 /* Home MaintainerTests.xctest */,
				68702FF62CE2F75A00E2BF03 /* Home MaintainerUITests.xctest */,
			);
			name = Products;
			sourceTree = "<group>";
		};
/* End PBXGroup section */

/* Begin PBXNativeTarget section */
		68702FDB2CE2F75900E2BF03 /* Home Maintainer */ = {
			isa = PBXNativeTarget;
			buildConfigurationList = 687030002CE2F75A00E2BF03 /* Build configuration list for PBXNativeTarget "Home Maintainer" */;
			buildPhases = (
				68702FD82CE2F75900E2BF03 /* Sources */,
				68702FD92CE2F75900E2BF03 /* Frameworks */,
				68702FDA2CE2F75900E2BF03 /* Resources */,
			);
			buildRules = (
			);
			dependencies = (
			);
			fileSystemSynchronizedGroups = (
				68702FDE2CE2F75900E2BF03 /* Home Maintainer */,
			);
			name = "Home Maintainer";
			packageProductDependencies = (
				4CD95101300404210099E16F /* FirebaseAI */,
				4CD95103300404210099E16F /* FirebaseAILogic */,
				4CD95105300404210099E16F /* FirebaseAnalytics */,
				4CD95107300404210099E16F /* FirebaseAnalyticsCore */,
				4CD95109300404210099E16F /* FirebaseAnalyticsIdentitySupport */,
				4CD9510B300404210099E16F /* FirebaseAppCheck */,
				4CD9510D300404210099E16F /* FirebaseAppDistribution-Beta */,
				4CD9510F300404210099E16F /* FirebaseAuth */,
				4CD95111300404210099E16F /* FirebaseAuthCombine-Community */,
				4CD95113300404210099E16F /* FirebaseCore */,
				4CD95115300404210099E16F /* FirebaseCrashlytics */,
				4CD95117300404210099E16F /* FirebaseDatabase */,
				4CD95119300404210099E16F /* FirebaseFirestore */,
				4CD9511B300404210099E16F /* FirebaseFirestoreCombine-Community */,
				4CD9511D300404210099E16F /* FirebaseFunctions */,
				4CD9511F300404210099E16F /* FirebaseFunctionsCombine-Community */,
				4CD95121300404210099E16F /* FirebaseInAppMessaging-Beta */,
				4CD95123300404210099E16F /* FirebaseInstallations */,
				4CD95125300404210099E16F /* FirebaseMLModelDownloader */,
				4CD95127300404210099E16F /* FirebaseMessaging */,
				4CD95129300404210099E16F /* FirebasePerformance */,
				4CD9512B300404210099E16F /* FirebaseRemoteConfig */,
				4CD9512D300404210099E16F /* FirebaseStorage */,
				4CD9512F300404210099E16F /* FirebaseStorageCombine-Community */,
			);
			productName = "Home Maintainer";
			productReference = 68702FDC2CE2F75900E2BF03 /* Home Maintainer.app */;
			productType = "com.apple.product-type.application";
		};
		68702FEB2CE2F75A00E2BF03 /* Home MaintainerTests */ = {
			isa = PBXNativeTarget;
			buildConfigurationList = 687030032CE2F75A00E2BF03 /* Build configuration list for PBXNativeTarget "Home MaintainerTests" */;
			buildPhases = (
				68702FE82CE2F75A00E2BF03 /* Sources */,
				68702FE92CE2F75A00E2BF03 /* Frameworks */,
				68702FEA2CE2F75A00E2BF03 /* Resources */,
			);
			buildRules = (
			);
			dependencies = (
				68702FEE2CE2F75A00E2BF03 /* PBXTargetDependency */,
			);
			fileSystemSynchronizedGroups = (
				68702FEF2CE2F75A00E2BF03 /* Home MaintainerTests */,
			);
			name = "Home MaintainerTests";
			packageProductDependencies = (
			);
			productName = "Home MaintainerTests";
			productReference = 68702FEC2CE2F75A00E2BF03 /* Home MaintainerTests.xctest */;
			productType = "com.apple.product-type.bundle.unit-test";
		};
		68702FF52CE2F75A00E2BF03 /* Home MaintainerUITests */ = {
			isa = PBXNativeTarget;
			buildConfigurationList = 687030062CE2F75A00E2BF03 /* Build configuration list for PBXNativeTarget "Home MaintainerUITests" */;
			buildPhases = (
				68702FF22CE2F75A00E2BF03 /* Sources */,
				68702FF32CE2F75A00E2BF03 /* Frameworks */,
				68702FF42CE2F75A00E2BF03 /* Resources */,
			);
			buildRules = (
			);
			dependencies = (
				68702FF82CE2F75A00E2BF03 /* PBXTargetDependency */,
			);
			fileSystemSynchronizedGroups = (
				68702FF92CE2F75A00E2BF03 /* Home MaintainerUITests */,
			);
			name = "Home MaintainerUITests";
			packageProductDependencies = (
			);
			productName = "Home MaintainerUITests";
			productReference = 68702FF62CE2F75A00E2BF03 /* Home MaintainerUITests.xctest */;
			productType = "com.apple.product-type.bundle.ui-testing";
		};
/* End PBXNativeTarget section */

/* Begin PBXProject section */
		68702FD42CE2F75900E2BF03 /* Project object */ = {
			isa = PBXProject;
			attributes = {
				BuildIndependentTargetsInParallel = 1;
				LastSwiftUpdateCheck = 1610;
				LastUpgradeCheck = 2620;
				TargetAttributes = {
					68702FDB2CE2F75900E2BF03 = {
						CreatedOnToolsVersion = 16.1;
					};
					68702FEB2CE2F75A00E2BF03 = {
						CreatedOnToolsVersion = 16.1;
						TestTargetID = 68702FDB2CE2F75900E2BF03;
					};
					68702FF52CE2F75A00E2BF03 = {
						CreatedOnToolsVersion = 16.1;
						TestTargetID = 68702FDB2CE2F75900E2BF03;
					};
				};
			};
			buildConfigurationList = 68702FD72CE2F75900E2BF03 /* Build configuration list for PBXProject "Home Maintainer" */;
			developmentRegion = en;
			hasScannedForEncodings = 0;
			knownRegions = (
				en,
				Base,
			);
			mainGroup = 68702FD32CE2F75900E2BF03;
			minimizedProjectReferenceProxies = 1;
			packageReferences = (
				4CD95100300404210099E16F /* XCRemoteSwiftPackageReference "firebase-ios-sdk" */,
			);
			preferredProjectObjectVersion = 77;
			productRefGroup = 68702FDD2CE2F75900E2BF03 /* Products */;
			projectDirPath = "";
			projectRoot = "";
			targets = (
				68702FDB2CE2F75900E2BF03 /* Home Maintainer */,
				68702FEB2CE2F75A00E2BF03 /* Home MaintainerTests */,
				68702FF52CE2F75A00E2BF03 /* Home MaintainerUITests */,
			);
		};
/* End PBXProject section */

/* Begin PBXResourcesBuildPhase section */
		68702FDA2CE2F75900E2BF03 /* Resources */ = {
			isa = PBXResourcesBuildPhase;
			buildActionMask = 2147483647;
			files = (
			);
			runOnlyForDeploymentPostprocessing = 0;
		};
		68702FEA2CE2F75A00E2BF03 /* Resources */ = {
			isa = PBXResourcesBuildPhase;
			buildActionMask = 2147483647;
			files = (
			);
			runOnlyForDeploymentPostprocessing = 0;
		};
		68702FF42CE2F75A00E2BF03 /* Resources */ = {
			isa = PBXResourcesBuildPhase;
			buildActionMask = 2147483647;
			files = (
			);
			runOnlyForDeploymentPostprocessing = 0;
		};
/* End PBXResourcesBuildPhase section */

/* Begin PBXSourcesBuildPhase section */
		68702FD82CE2F75900E2BF03 /* Sources */ = {
			isa = PBXSourcesBuildPhase;
			buildActionMask = 2147483647;
			files = (
				4C95318D2FF0E18600799AE8 /* ViewsRoomField.swift in Sources */,
				4C952FEB2FF0BA9D00799AE8 /* ModelsProductLink.swift in Sources */,
				4C952FED2FF0BAE700799AE8 /* ViewsProductLinks.swift in Sources */,
			);
			runOnlyForDeploymentPostprocessing = 0;
		};
		68702FE82CE2F75A00E2BF03 /* Sources */ = {
			isa = PBXSourcesBuildPhase;
			buildActionMask = 2147483647;
			files = (
			);
			runOnlyForDeploymentPostprocessing = 0;
		};
		68702FF22CE2F75A00E2BF03 /* Sources */ = {
			isa = PBXSourcesBuildPhase;
			buildActionMask = 2147483647;
			files = (
			);
			runOnlyForDeploymentPostprocessing = 0;
		};
/* End PBXSourcesBuildPhase section */

/* Begin PBXTargetDependency section */
		68702FEE2CE2F75A00E2BF03 /* PBXTargetDependency */ = {
			isa = PBXTargetDependency;
			target = 68702FDB2CE2F75900E2BF03 /* Home Maintainer */;
			targetProxy = 68702FED2CE2F75A00E2BF03 /* PBXContainerItemProxy */;
		};
		68702FF82CE2F75A00E2BF03 /* PBXTargetDependency */ = {
			isa = PBXTargetDependency;
			target = 68702FDB2CE2F75900E2BF03 /* Home Maintainer */;
			targetProxy = 68702FF72CE2F75A00E2BF03 /* PBXContainerItemProxy */;
		};
/* End PBXTargetDependency section */

/* Begin XCBuildConfiguration section */
		68702FFE2CE2F75A00E2BF03 /* Debug */ = {
			isa = XCBuildConfiguration;
			buildSettings = {
				ALWAYS_SEARCH_USER_PATHS = NO;
				ASSETCATALOG_COMPILER_GENERATE_SWIFT_ASSET_SYMBOL_EXTENSIONS = YES;
				CLANG_ANALYZER_NONNULL = YES;
				CLANG_ANALYZER_NUMBER_OBJECT_CONVERSION = YES_AGGRESSIVE;
				CLANG_CXX_LANGUAGE_STANDARD = "gnu++20";
				CLANG_ENABLE_MODULES = YES;
				CLANG_ENABLE_OBJC_ARC = YES;
				CLANG_ENABLE_OBJC_WEAK = YES;
				CLANG_WARN_BLOCK_CAPTURE_AUTORELEASING = YES;
				CLANG_WARN_BOOL_CONVERSION = YES;
				CLANG_WARN_COMMA = YES;
				CLANG_WARN_CONSTANT_CONVERSION = YES;
				CLANG_WARN_DEPRECATED_OBJC_IMPLEMENTATIONS = YES;
				CLANG_WARN_DIRECT_OBJC_ISA_USAGE = YES_ERROR;
				CLANG_WARN_DOCUMENTATION_COMMENTS = YES;
				CLANG_WARN_EMPTY_BODY = YES;
				CLANG_WARN_ENUM_CONVERSION = YES;
				CLANG_WARN_INFINITE_RECURSION = YES;
				CLANG_WARN_INT_CONVERSION = YES;
				CLANG_WARN_NON_LITERAL_NULL_CONVERSION = YES;
				CLANG_WARN_OBJC_IMPLICIT_RETAIN_SELF = YES;
				CLANG_WARN_OBJC_LITERAL_CONVERSION = YES;
				CLANG_WARN_OBJC_ROOT_CLASS = YES_ERROR;
				CLANG_WARN_QUOTED_INCLUDE_IN_FRAMEWORK_HEADER = YES;
				CLANG_WARN_RANGE_LOOP_ANALYSIS = YES;
				CLANG_WARN_STRICT_PROTOTYPES = YES;
				CLANG_WARN_SUSPICIOUS_MOVE = YES;
				CLANG_WARN_UNGUARDED_AVAILABILITY = YES_AGGRESSIVE;
				CLANG_WARN_UNREACHABLE_CODE = YES;
				CLANG_WARN__DUPLICATE_METHOD_MATCH = YES;
				COPY_PHASE_STRIP = NO;
				DEBUG_INFORMATION_FORMAT = dwarf;
				DEVELOPMENT_TEAM = 96F9RX7XG8;
				ENABLE_STRICT_OBJC_MSGSEND = YES;
				ENABLE_TESTABILITY = YES;
				ENABLE_USER_SCRIPT_SANDBOXING = YES;
				GCC_C_LANGUAGE_STANDARD = gnu17;
				GCC_DYNAMIC_NO_PIC = NO;
				GCC_NO_COMMON_BLOCKS = YES;
				GCC_OPTIMIZATION_LEVEL = 0;
				GCC_PREPROCESSOR_DEFINITIONS = (
					"DEBUG=1",
					"$(inherited)",
				);
				GCC_WARN_64_TO_32_BIT_CONVERSION = YES;
				GCC_WARN_ABOUT_RETURN_TYPE = YES_ERROR;
				GCC_WARN_UNDECLARED_SELECTOR = YES;
				GCC_WARN_UNINITIALIZED_AUTOS = YES_AGGRESSIVE;
				GCC_WARN_UNUSED_FUNCTION = YES;
				GCC_WARN_UNUSED_VARIABLE = YES;
				IPHONEOS_DEPLOYMENT_TARGET = 18.1;
				LOCALIZATION_PREFERS_STRING_CATALOGS = YES;
				MTL_ENABLE_DEBUG_INFO = INCLUDE_SOURCE;
				MTL_FAST_MATH = YES;
				ONLY_ACTIVE_ARCH = YES;
				SDKROOT = iphoneos;
				STRING_CATALOG_GENERATE_SYMBOLS = YES;
				SWIFT_ACTIVE_COMPILATION_CONDITIONS = "DEBUG $(inherited)";
				SWIFT_OPTIMIZATION_LEVEL = "-Onone";
			};
			name = Debug;
		};
		68702FFF2CE2F75A00E2BF03 /* Release */ = {
			isa = XCBuildConfiguration;
			buildSettings = {
				ALWAYS_SEARCH_USER_PATHS = NO;
				ASSETCATALOG_COMPILER_GENERATE_SWIFT_ASSET_SYMBOL_EXTENSIONS = YES;
				CLANG_ANALYZER_NONNULL = YES;
				CLANG_ANALYZER_NUMBER_OBJECT_CONVERSION = YES_AGGRESSIVE;
				CLANG_CXX_LANGUAGE_STANDARD = "gnu++20";
				CLANG_ENABLE_MODULES = YES;
				CLANG_ENABLE_OBJC_ARC = YES;
				CLANG_ENABLE_OBJC_WEAK = YES;
				CLANG_WARN_BLOCK_CAPTURE_AUTORELEASING = YES;
				CLANG_WARN_BOOL_CONVERSION = YES;
				CLANG_WARN_COMMA = YES;
				CLANG_WARN_CONSTANT_CONVERSION = YES;
				CLANG_WARN_DEPRECATED_OBJC_IMPLEMENTATIONS = YES;
				CLANG_WARN_DIRECT_OBJC_ISA_USAGE = YES_ERROR;
				CLANG_WARN_DOCUMENTATION_COMMENTS = YES;
				CLANG_WARN_EMPTY_BODY = YES;
				CLANG_WARN_ENUM_CONVERSION = YES;
				CLANG_WARN_INFINITE_RECURSION = YES;
				CLANG_WARN_INT_CONVERSION = YES;
				CLANG_WARN_NON_LITERAL_NULL_CONVERSION = YES;
				CLANG_WARN_OBJC_IMPLICIT_RETAIN_SELF = YES;
				CLANG_WARN_OBJC_LITERAL_CONVERSION = YES;
				CLANG_WARN_OBJC_ROOT_CLASS = YES_ERROR;
				CLANG_WARN_QUOTED_INCLUDE_IN_FRAMEWORK_HEADER = YES;
				CLANG_WARN_RANGE_LOOP_ANALYSIS = YES;
				CLANG_WARN_STRICT_PROTOTYPES = YES;
				CLANG_WARN_SUSPICIOUS_MOVE = YES;
				CLANG_WARN_UNGUARDED_AVAILABILITY = YES_AGGRESSIVE;
				CLANG_WARN_UNREACHABLE_CODE = YES;
				CLANG_WARN__DUPLICATE_METHOD_MATCH = YES;
				COPY_PHASE_STRIP = NO;
				DEBUG_INFORMATION_FORMAT = "dwarf-with-dsym";
				DEVELOPMENT_TEAM = 96F9RX7XG8;
				ENABLE_NS_ASSERTIONS = NO;
				ENABLE_STRICT_OBJC_MSGSEND = YES;
				ENABLE_USER_SCRIPT_SANDBOXING = YES;
				GCC_C_LANGUAGE_STANDARD = gnu17;
				GCC_NO_COMMON_BLOCKS = YES;
				GCC_WARN_64_TO_32_BIT_CONVERSION = YES;
				GCC_WARN_ABOUT_RETURN_TYPE = YES_ERROR;
				GCC_WARN_UNDECLARED_SELECTOR = YES;
				GCC_WARN_UNINITIALIZED_AUTOS = YES_AGGRESSIVE;
				GCC_WARN_UNUSED_FUNCTION = YES;
				GCC_WARN_UNUSED_VARIABLE = YES;
				IPHONEOS_DEPLOYMENT_TARGET = 18.1;
				LOCALIZATION_PREFERS_STRING_CATALOGS = YES;
				MTL_ENABLE_DEBUG_INFO = NO;
				MTL_FAST_MATH = YES;
				SDKROOT = iphoneos;
				STRING_CATALOG_GENERATE_SYMBOLS = YES;
				SWIFT_COMPILATION_MODE = wholemodule;
				VALIDATE_PRODUCT = YES;
			};
			name = Release;
		};
		687030012CE2F75A00E2BF03 /* Debug */ = {
			isa = XCBuildConfiguration;
			buildSettings = {
				ASSETCATALOG_COMPILER_APPICON_NAME = AppIcon;
				ASSETCATALOG_COMPILER_GLOBAL_ACCENT_COLOR_NAME = AccentColor;
				CODE_SIGN_ENTITLEMENTS = "Home Maintainer/Home Maintainer.entitlements";
				CODE_SIGN_STYLE = Automatic;
				CURRENT_PROJECT_VERSION = 18;
				DEVELOPMENT_ASSET_PATHS = "\"Home Maintainer/Preview Content\"";
				ENABLE_PREVIEWS = YES;
				GENERATE_INFOPLIST_FILE = NO;
				INFOPLIST_FILE = "Home-Maintainer-Info.plist";
				INFOPLIST_KEY_LSApplicationCategoryType = "public.app-category.lifestyle";
				INFOPLIST_KEY_NSLocationWhenInUseUsageDescription = "We need your locatino to find local service providers near you";
				INFOPLIST_KEY_UIApplicationSceneManifest_Generation = YES;
				INFOPLIST_KEY_UIApplicationSupportsIndirectInputEvents = YES;
				INFOPLIST_KEY_UILaunchScreen_Generation = YES;
				INFOPLIST_KEY_UISupportedInterfaceOrientations_iPad = "UIInterfaceOrientationPortrait UIInterfaceOrientationPortraitUpsideDown UIInterfaceOrientationLandscapeLeft UIInterfaceOrientationLandscapeRight";
				INFOPLIST_KEY_UISupportedInterfaceOrientations_iPhone = "UIInterfaceOrientationPortrait UIInterfaceOrientationLandscapeLeft UIInterfaceOrientationLandscapeRight";
				LD_RUNPATH_SEARCH_PATHS = (
					"$(inherited)",
					"@executable_path/Frameworks",
				);
				MARKETING_VERSION = 1.0;
				PRODUCT_BUNDLE_IDENTIFIER = "EstraDOS.Home-Maintainer";
				PRODUCT_NAME = "$(TARGET_NAME)";
				SWIFT_EMIT_LOC_STRINGS = YES;
				SWIFT_VERSION = 5.0;
				TARGETED_DEVICE_FAMILY = "1,2";
			};
			name = Debug;
		};
		687030022CE2F75A00E2BF03 /* Release */ = {
			isa = XCBuildConfiguration;
			buildSettings = {
				ASSETCATALOG_COMPILER_APPICON_NAME = AppIcon;
				ASSETCATALOG_COMPILER_GLOBAL_ACCENT_COLOR_NAME = AccentColor;
				CODE_SIGN_ENTITLEMENTS = "Home Maintainer/Home Maintainer.entitlements";
				CODE_SIGN_STYLE = Automatic;
				CURRENT_PROJECT_VERSION = 18;
				DEVELOPMENT_ASSET_PATHS = "\"Home Maintainer/Preview Content\"";
				ENABLE_PREVIEWS = YES;
				GENERATE_INFOPLIST_FILE = NO;
				INFOPLIST_FILE = "Home-Maintainer-Info.plist";
				INFOPLIST_KEY_LSApplicationCategoryType = "public.app-category.lifestyle";
				INFOPLIST_KEY_NSLocationWhenInUseUsageDescription = "We need your locatino to find local service providers near you";
				INFOPLIST_KEY_UIApplicationSceneManifest_Generation = YES;
				INFOPLIST_KEY_UIApplicationSupportsIndirectInputEvents = YES;
				INFOPLIST_KEY_UILaunchScreen_Generation = YES;
				INFOPLIST_KEY_UISupportedInterfaceOrientations_iPad = "UIInterfaceOrientationPortrait UIInterfaceOrientationPortraitUpsideDown UIInterfaceOrientationLandscapeLeft UIInterfaceOrientationLandscapeRight";
				INFOPLIST_KEY_UISupportedInterfaceOrientations_iPhone = "UIInterfaceOrientationPortrait UIInterfaceOrientationLandscapeLeft UIInterfaceOrientationLandscapeRight";
				LD_RUNPATH_SEARCH_PATHS = (
					"$(inherited)",
					"@executable_path/Frameworks",
				);
				MARKETING_VERSION = 1.0;
				PRODUCT_BUNDLE_IDENTIFIER = "EstraDOS.Home-Maintainer";
				PRODUCT_NAME = "$(TARGET_NAME)";
				SWIFT_EMIT_LOC_STRINGS = YES;
				SWIFT_VERSION = 5.0;
				TARGETED_DEVICE_FAMILY = "1,2";
			};
			name = Release;
		};
		687030042CE2F75A00E2BF03 /* Debug */ = {
			isa = XCBuildConfiguration;
			buildSettings = {
				BUNDLE_LOADER = "$(TEST_HOST)";
				CODE_SIGN_STYLE = Automatic;
				CURRENT_PROJECT_VERSION = 6;
				GENERATE_INFOPLIST_FILE = YES;
				IPHONEOS_DEPLOYMENT_TARGET = 18.1;
				MARKETING_VERSION = 1.0;
				PRODUCT_BUNDLE_IDENTIFIER = "EstraDOS.Home-MaintainerTests";
				PRODUCT_NAME = "$(TARGET_NAME)";
				SWIFT_EMIT_LOC_STRINGS = NO;
				SWIFT_VERSION = 5.0;
				TARGETED_DEVICE_FAMILY = "1,2";
				TEST_HOST = "$(BUILT_PRODUCTS_DIR)/Home Maintainer.app/$(BUNDLE_EXECUTABLE_FOLDER_PATH)/Home Maintainer";
			};
			name = Debug;
		};
		687030052CE2F75A00E2BF03 /* Release */ = {
			isa = XCBuildConfiguration;
			buildSettings = {
				BUNDLE_LOADER = "$(TEST_HOST)";
				CODE_SIGN_STYLE = Automatic;
				CURRENT_PROJECT_VERSION = 6;
				GENERATE_INFOPLIST_FILE = YES;
				IPHONEOS_DEPLOYMENT_TARGET = 18.1;
				MARKETING_VERSION = 1.0;
				PRODUCT_BUNDLE_IDENTIFIER = "EstraDOS.Home-MaintainerTests";
				PRODUCT_NAME = "$(TARGET_NAME)";
				SWIFT_EMIT_LOC_STRINGS = NO;
				SWIFT_VERSION = 5.0;
				TARGETED_DEVICE_FAMILY = "1,2";
				TEST_HOST = "$(BUILT_PRODUCTS_DIR)/Home Maintainer.app/$(BUNDLE_EXECUTABLE_FOLDER_PATH)/Home Maintainer";
			};
			name = Release;
		};
		687030072CE2F75A00E2BF03 /* Debug */ = {
			isa = XCBuildConfiguration;
			buildSettings = {
				CODE_SIGN_STYLE = Automatic;
				CURRENT_PROJECT_VERSION = 6;
				GENERATE_INFOPLIST_FILE = YES;
				MARKETING_VERSION = 1.0;
				PRODUCT_BUNDLE_IDENTIFIER = "EstraDOS.Home-MaintainerUITests";
				PRODUCT_NAME = "$(TARGET_NAME)";
				SWIFT_EMIT_LOC_STRINGS = NO;
				SWIFT_VERSION = 5.0;
				TARGETED_DEVICE_FAMILY = "1,2";
				TEST_TARGET_NAME = "Home Maintainer";
			};
			name = Debug;
		};
		687030082CE2F75A00E2BF03 /* Release */ = {
			isa = XCBuildConfiguration;
			buildSettings = {
				CODE_SIGN_STYLE = Automatic;
				CURRENT_PROJECT_VERSION = 6;
				GENERATE_INFOPLIST_FILE = YES;
				MARKETING_VERSION = 1.0;
				PRODUCT_BUNDLE_IDENTIFIER = "EstraDOS.Home-MaintainerUITests";
				PRODUCT_NAME = "$(TARGET_NAME)";
				SWIFT_EMIT_LOC_STRINGS = NO;
				SWIFT_VERSION = 5.0;
				TARGETED_DEVICE_FAMILY = "1,2";
				TEST_TARGET_NAME = "Home Maintainer";
			};
			name = Release;
		};
/* End XCBuildConfiguration section */

/* Begin XCConfigurationList section */
		68702FD72CE2F75900E2BF03 /* Build configuration list for PBXProject "Home Maintainer" */ = {
			isa = XCConfigurationList;
			buildConfigurations = (
				68702FFE2CE2F75A00E2BF03 /* Debug */,
				68702FFF2CE2F75A00E2BF03 /* Release */,
			);
			defaultConfigurationIsVisible = 0;
			defaultConfigurationName = Release;
		};
		687030002CE2F75A00E2BF03 /* Build configuration list for PBXNativeTarget "Home Maintainer" */ = {
			isa = XCConfigurationList;
			buildConfigurations = (
				687030012CE2F75A00E2BF03 /* Debug */,
				687030022CE2F75A00E2BF03 /* Release */,
			);
			defaultConfigurationIsVisible = 0;
			defaultConfigurationName = Release;
		};
		687030032CE2F75A00E2BF03 /* Build configuration list for PBXNativeTarget "Home MaintainerTests" */ = {
			isa = XCConfigurationList;
			buildConfigurations = (
				687030042CE2F75A00E2BF03 /* Debug */,
				687030052CE2F75A00E2BF03 /* Release */,
			);
			defaultConfigurationIsVisible = 0;
			defaultConfigurationName = Release;
		};
		687030062CE2F75A00E2BF03 /* Build configuration list for PBXNativeTarget "Home MaintainerUITests" */ = {
			isa = XCConfigurationList;
			buildConfigurations = (
				687030072CE2F75A00E2BF03 /* Debug */,
				687030082CE2F75A00E2BF03 /* Release */,
			);
			defaultConfigurationIsVisible = 0;
			defaultConfigurationName = Release;
		};
/* End XCConfigurationList section */

/* Begin XCRemoteSwiftPackageReference section */
		4CD95100300404210099E16F /* XCRemoteSwiftPackageReference "firebase-ios-sdk" */ = {
			isa = XCRemoteSwiftPackageReference;
			repositoryURL = "https://github.com/firebase/firebase-ios-sdk.git";
			requirement = {
				kind = upToNextMajorVersion;
				minimumVersion = 12.16.0;
			};
		};
/* End XCRemoteSwiftPackageReference section */

/* Begin XCSwiftPackageProductDependency section */
		4CD95101300404210099E16F /* FirebaseAI */ = {
			isa = XCSwiftPackageProductDependency;
			package = 4CD95100300404210099E16F /* XCRemoteSwiftPackageReference "firebase-ios-sdk" */;
			productName = FirebaseAI;
		};
		4CD95103300404210099E16F /* FirebaseAILogic */ = {
			isa = XCSwiftPackageProductDependency;
			package = 4CD95100300404210099E16F /* XCRemoteSwiftPackageReference "firebase-ios-sdk" */;
			productName = FirebaseAILogic;
		};
		4CD95105300404210099E16F /* FirebaseAnalytics */ = {
			isa = XCSwiftPackageProductDependency;
			package = 4CD95100300404210099E16F /* XCRemoteSwiftPackageReference "firebase-ios-sdk" */;
			productName = FirebaseAnalytics;
		};
		4CD95107300404210099E16F /* FirebaseAnalyticsCore */ = {
			isa = XCSwiftPackageProductDependency;
			package = 4CD95100300404210099E16F /* XCRemoteSwiftPackageReference "firebase-ios-sdk" */;
			productName = FirebaseAnalyticsCore;
		};
		4CD95109300404210099E16F /* FirebaseAnalyticsIdentitySupport */ = {
			isa = XCSwiftPackageProductDependency;
			package = 4CD95100300404210099E16F /* XCRemoteSwiftPackageReference "firebase-ios-sdk" */;
			productName = FirebaseAnalyticsIdentitySupport;
		};
		4CD9510B300404210099E16F /* FirebaseAppCheck */ = {
			isa = XCSwiftPackageProductDependency;
			package = 4CD95100300404210099E16F /* XCRemoteSwiftPackageReference "firebase-ios-sdk" */;
			productName = FirebaseAppCheck;
		};
		4CD9510D300404210099E16F /* FirebaseAppDistribution-Beta */ = {
			isa = XCSwiftPackageProductDependency;
			package = 4CD95100300404210099E16F /* XCRemoteSwiftPackageReference "firebase-ios-sdk" */;
			productName = "FirebaseAppDistribution-Beta";
		};
		4CD9510F300404210099E16F /* FirebaseAuth */ = {
			isa = XCSwiftPackageProductDependency;
			package = 4CD95100300404210099E16F /* XCRemoteSwiftPackageReference "firebase-ios-sdk" */;
			productName = FirebaseAuth;
		};
		4CD95111300404210099E16F /* FirebaseAuthCombine-Community */ = {
			isa = XCSwiftPackageProductDependency;
			package = 4CD95100300404210099E16F /* XCRemoteSwiftPackageReference "firebase-ios-sdk" */;
			productName = "FirebaseAuthCombine-Community";
		};
		4CD95113300404210099E16F /* FirebaseCore */ = {
			isa = XCSwiftPackageProductDependency;
			package = 4CD95100300404210099E16F /* XCRemoteSwiftPackageReference "firebase-ios-sdk" */;
			productName = FirebaseCore;
		};
		4CD95115300404210099E16F /* FirebaseCrashlytics */ = {
			isa = XCSwiftPackageProductDependency;
			package = 4CD95100300404210099E16F /* XCRemoteSwiftPackageReference "firebase-ios-sdk" */;
			productName = FirebaseCrashlytics;
		};
		4CD95117300404210099E16F /* FirebaseDatabase */ = {
			isa = XCSwiftPackageProductDependency;
			package = 4CD95100300404210099E16F /* XCRemoteSwiftPackageReference "firebase-ios-sdk" */;
			productName = FirebaseDatabase;
		};
		4CD95119300404210099E16F /* FirebaseFirestore */ = {
			isa = XCSwiftPackageProductDependency;
			package = 4CD95100300404210099E16F /* XCRemoteSwiftPackageReference "firebase-ios-sdk" */;
			productName = FirebaseFirestore;
		};
		4CD9511B300404210099E16F /* FirebaseFirestoreCombine-Community */ = {
			isa = XCSwiftPackageProductDependency;
			package = 4CD95100300404210099E16F /* XCRemoteSwiftPackageReference "firebase-ios-sdk" */;
			productName = "FirebaseFirestoreCombine-Community";
		};
		4CD9511D300404210099E16F /* FirebaseFunctions */ = {
			isa = XCSwiftPackageProductDependency;
			package = 4CD95100300404210099E16F /* XCRemoteSwiftPackageReference "firebase-ios-sdk" */;
			productName = FirebaseFunctions;
		};
		4CD9511F300404210099E16F /* FirebaseFunctionsCombine-Community */ = {
			isa = XCSwiftPackageProductDependency;
			package = 4CD95100300404210099E16F /* XCRemoteSwiftPackageReference "firebase-ios-sdk" */;
			productName = "FirebaseFunctionsCombine-Community";
		};
		4CD95121300404210099E16F /* FirebaseInAppMessaging-Beta */ = {
			isa = XCSwiftPackageProductDependency;
			package = 4CD95100300404210099E16F /* XCRemoteSwiftPackageReference "firebase-ios-sdk" */;
			productName = "FirebaseInAppMessaging-Beta";
		};
		4CD95123300404210099E16F /* FirebaseInstallations */ = {
			isa = XCSwiftPackageProductDependency;
			package = 4CD95100300404210099E16F /* XCRemoteSwiftPackageReference "firebase-ios-sdk" */;
			productName = FirebaseInstallations;
		};
		4CD95125300404210099E16F /* FirebaseMLModelDownloader */ = {
			isa = XCSwiftPackageProductDependency;
			package = 4CD95100300404210099E16F /* XCRemoteSwiftPackageReference "firebase-ios-sdk" */;
			productName = FirebaseMLModelDownloader;
		};
		4CD95127300404210099E16F /* FirebaseMessaging */ = {
			isa = XCSwiftPackageProductDependency;
			package = 4CD95100300404210099E16F /* XCRemoteSwiftPackageReference "firebase-ios-sdk" */;
			productName = FirebaseMessaging;
		};
		4CD95129300404210099E16F /* FirebasePerformance */ = {
			isa = XCSwiftPackageProductDependency;
			package = 4CD95100300404210099E16F /* XCRemoteSwiftPackageReference "firebase-ios-sdk" */;
			productName = FirebasePerformance;
		};
		4CD9512B300404210099E16F /* FirebaseRemoteConfig */ = {
			isa = XCSwiftPackageProductDependency;
			package = 4CD95100300404210099E16F /* XCRemoteSwiftPackageReference "firebase-ios-sdk" */;
			productName = FirebaseRemoteConfig;
		};
		4CD9512D300404210099E16F /* FirebaseStorage */ = {
			isa = XCSwiftPackageProductDependency;
			package = 4CD95100300404210099E16F /* XCRemoteSwiftPackageReference "firebase-ios-sdk" */;
			productName = FirebaseStorage;
		};
		4CD9512F300404210099E16F /* FirebaseStorageCombine-Community */ = {
			isa = XCSwiftPackageProductDependency;
			package = 4CD95100300404210099E16F /* XCRemoteSwiftPackageReference "firebase-ios-sdk" */;
			productName = "FirebaseStorageCombine-Community";
		};
/* End XCSwiftPackageProductDependency section */
	};
	rootObject = 68702FD42CE2F75900E2BF03 /* Project object */;
}
