// !$*UTF8*$!
{
	archiveVersion = 1;
	classes = {
	};
	objectVersion = 77;
	objects = {

/* Begin PBXBuildFile section */
		4C952FEB2FF0BA9D00799AE8 /* ModelsProductLink.swift in Sources */ = {isa = PBXBuildFile; fileRef = 4C952FEA2FF0BA9D00799AE8 /* ModelsProductLink.swift */; };
		4C952FED2FF0BAE700799AE8 /* ViewsProductLinks.swift in Sources */ = {isa = PBXBuildFile; fileRef = 4C952FEC2FF0BAE700799AE8 /* ViewsProductLinks.swift */; };
		4C95318D2FF0E18600799AE8 /* ViewsRoomField.swift in Sources */ = {isa = PBXBuildFile; fileRef = 4C95318C2FF0E18600799AE8 /* ViewsRoomField.swift */; };
/* End PBXBuildFile section */

/* Begin PBXContainerItemProxy section */
		68702FED2CE2F75A00E2BF03 /* PBXContainerItemProxy */ = {
			isa = PBXContainerItemProxy;
			containerPortal = 68702FD42CE2F75900E2BF03 /* Project object */;
			proxyType = 1;
			remoteGlobalIDString = 68702FDB2CE2F75900E2BF03;
			remoteInfo = "Home Maintainer";
		};
		68702FF72CE2F75A00E2BF03 /* PBXContainerItemProxy */ = {
			isa = PBXContainerItemProxy;
			containerPortal = 68702FD42CE2F75900E2BF03 /* Project object */;
			proxyType = 1;
			remoteGlobalIDString = 68702FDB2CE2F75900E2BF03;
			remoteInfo = "Home Maintainer";
		};
/* End PBXContainerItemProxy section */

/* Begin PBXFileReference section */
		4C952FEA2FF0BA9D00799AE8 /* ModelsProductLink.swift */ = {isa = PBXFileReference; lastKnownFileType = sourcecode.swift; path = ModelsProductLink.swift; sourceTree = "<group>"; };
		4C952FEC2FF0BAE700799AE8 /* ViewsProductLinks.swift */ = {isa = PBXFileReference; lastKnownFileType = sourcecode.swift; path = ViewsProductLinks.swift; sourceTree = "<group>"; };
		4C95318C2FF0E18600799AE8 /* ViewsRoomField.swift */ = {isa = PBXFileReference; lastKnownFileType = sourcecode.swift; path = ViewsRoomField.swift; sourceTree = "<group>"; };
		68702FDC2CE2F75900E2BF03 /* Home Maintainer.app */ = {isa = PBXFileReference; explicitFileType = wrapper.application; includeInIndex = 0; path = "Home Maintainer.app"; sourceTree = BUILT_PRODUCTS_DIR; };
		68702FEC2CE2F75A00E2BF03 /* Home MaintainerTests.xctest */ = {isa = PBXFileReference; explicitFileType = wrapper.cfbundle; includeInIndex = 0; path = "Home MaintainerTests.xctest"; sourceTree = BUILT_PRODUCTS_DIR; };
		68702FF62CE2F75A00E2BF03 /* Home MaintainerUITests.xctest */ = {isa = PBXFileReference; explicitFileType = wrapper.cfbundle; includeInIndex = 0; path = "Home MaintainerUITests.xctest"; sourceTree = BUILT_PRODUCTS_DIR; };
/* End PBXFileReference section */

/* Begin PBXFileSystemSynchronizedRootGroup section */
		68702FDE2CE2F75900E2BF03 /* Home Maintainer */ = {
			isa = PBXFileSystemSynchronizedRootGroup;
			path = "Home Maintainer";
			sourceTree = "<group>";
		};
		68702FEF2CE2F75A00E2BF03 /* Home MaintainerTests */ = {
			isa = PBXFileSystemSynchronizedRootGroup;
			path = "Home MaintainerTests";
			sourceTree = "<group>";
		};
		68702FF92CE2F75A00E2BF03 /* Home MaintainerUITests */ = {
			isa = PBXFileSystemSynchronizedRootGroup;
			path = "Home MaintainerUITests";
			sourceTree = "<group>";
		};
/* End PBXFileSystemSynchronizedRootGroup section */

/* Begin PBXFrameworksBuildPhase section */
		68702FD92CE2F75900E2BF03 /* Frameworks */ = {
			isa = PBXFrameworksBuildPhase;
			buildActionMask = 2147483647;
			files = (
			);
			runOnlyForDeploymentPostprocessing = 0;
		};
		68702FE92CE2F75A00E2BF03 /* Frameworks */ = {
			isa = PBXFrameworksBuildPhase;
			buildActionMask = 2147483647;
			files = (
			);
			runOnlyForDeploymentPostprocessing = 0;
		};
		68702FF32CE2F75A00E2BF03 /* Frameworks */ = {
			isa = PBXFrameworksBuildPhase;
			buildActionMask = 2147483647;
			files = (
			);
			runOnlyForDeploymentPostprocessing = 0;
		};
/* End PBXFrameworksBuildPhase section */

/* Begin PBXGroup section */
		68702FD32CE2F75900E2BF03 = {
			isa = PBXGroup;
			children = (
				68702FDE2CE2F75900E2BF03 /* Home Maintainer */,
				68702FEF2CE2F75A00E2BF03 /* Home MaintainerTests */,
				68702FF92CE2F75A00E2BF03 /* Home MaintainerUITests */,
				68702FDD2CE2F75900E2BF03 /* Products */,
				4C952FEA2FF0BA9D00799AE8 /* ModelsProductLink.swift */,
				4C952FEC2FF0BAE700799AE8 /* ViewsProductLinks.swift */,
				4C95318C2FF0E18600799AE8 /* ViewsRoomField.swift */,
			);
			sourceTree = "<group>";
		};
		68702FDD2CE2F75900E2BF03 /* Products */ = {
			isa = PBXGroup;
			children = (
				68702FDC2CE2F75900E2BF03 /* Home Maintainer.app */,
				68702FEC2CE2F75A00E2BF03 /* Home MaintainerTests.xctest */,
				68702FF62CE2F75A00E2BF03 /* Home MaintainerUITests.xctest */,
			);
			name = Products;
			sourceTree = "<group>";
		};
/* End PBXGroup section */

/* Begin PBXNativeTarget section */
		68702FDB2CE2F75900E2BF03 /* Home Maintainer */ = {
			isa = PBXNativeTarget;
			buildConfigurationList = 687030002CE2F75A00E2BF03 /* Build configuration list for PBXNativeTarget "Home Maintainer" */;
			buildPhases = (
				68702FD82CE2F75900E2BF03 /* Sources */,
				68702FD92CE2F75900E2BF03 /* Frameworks */,
				68702FDA2CE2F75900E2BF03 /* Resources */,
			);
			buildRules = (
			);
			dependencies = (
			);
			fileSystemSynchronizedGroups = (
				68702FDE2CE2F75900E2BF03 /* Home Maintainer */,
			);
			name = "Home Maintainer";
			packageProductDependencies = (
			);
			productName = "Home Maintainer";
			productReference = 68702FDC2CE2F75900E2BF03 /* Home Maintainer.app */;
			productType = "com.apple.product-type.application";
		};
		68702FEB2CE2F75A00E2BF03 /* Home MaintainerTests */ = {
			isa = PBXNativeTarget;
			buildConfigurationList = 687030032CE2F75A00E2BF03 /* Build configuration list for PBXNativeTarget "Home MaintainerTests" */;
			buildPhases = (
				68702FE82CE2F75A00E2BF03 /* Sources */,
				68702FE92CE2F75A00E2BF03 /* Frameworks */,
				68702FEA2CE2F75A00E2BF03 /* Resources */,
			);
			buildRules = (
			);
			dependencies = (
				68702FEE2CE2F75A00E2BF03 /* PBXTargetDependency */,
			);
			fileSystemSynchronizedGroups = (
				68702FEF2CE2F75A00E2BF03 /* Home MaintainerTests */,
			);
			name = "Home MaintainerTests";
			packageProductDependencies = (
			);
			productName = "Home MaintainerTests";
			productReference = 68702FEC2CE2F75A00E2BF03 /* Home MaintainerTests.xctest */;
			productType = "com.apple.product-type.bundle.unit-test";
		};
		68702FF52CE2F75A00E2BF03 /* Home MaintainerUITests */ = {
			isa = PBXNativeTarget;
			buildConfigurationList = 687030062CE2F75A00E2BF03 /* Build configuration list for PBXNativeTarget "Home MaintainerUITests" */;
			buildPhases = (
				68702FF22CE2F75A00E2BF03 /* Sources */,
				68702FF32CE2F75A00E2BF03 /* Frameworks */,
				68702FF42CE2F75A00E2BF03 /* Resources */,
			);
			buildRules = (
			);
			dependencies = (
				68702FF82CE2F75A00E2BF03 /* PBXTargetDependency */,
			);
			fileSystemSynchronizedGroups = (
				68702FF92CE2F75A00E2BF03 /* Home MaintainerUITests */,
			);
			name = "Home MaintainerUITests";
			packageProductDependencies = (
			);
			productName = "Home MaintainerUITests";
			productReference = 68702FF62CE2F75A00E2BF03 /* Home MaintainerUITests.xctest */;
			productType = "com.apple.product-type.bundle.ui-testing";
		};
/* End PBXNativeTarget section */

/* Begin PBXProject section */
		68702FD42CE2F75900E2BF03 /* Project object */ = {
			isa = PBXProject;
			attributes = {
				BuildIndependentTargetsInParallel = 1;
				LastSwiftUpdateCheck = 1610;
				LastUpgradeCheck = 2620;
				TargetAttributes = {
					68702FDB2CE2F75900E2BF03 = {
						CreatedOnToolsVersion = 16.1;
					};
					68702FEB2CE2F75A00E2BF03 = {
						CreatedOnToolsVersion = 16.1;
						TestTargetID = 68702FDB2CE2F75900E2BF03;
					};
					68702FF52CE2F75A00E2BF03 = {
						CreatedOnToolsVersion = 16.1;
						TestTargetID = 68702FDB2CE2F75900E2BF03;
					};
				};
			};
			buildConfigurationList = 68702FD72CE2F75900E2BF03 /* Build configuration list for PBXProject "Home Maintainer" */;
			developmentRegion = en;
			hasScannedForEncodings = 0;
			knownRegions = (
				en,
				Base,
			);
			mainGroup = 68702FD32CE2F75900E2BF03;
			minimizedProjectReferenceProxies = 1;
			preferredProjectObjectVersion = 77;
			productRefGroup = 68702FDD2CE2F75900E2BF03 /* Products */;
			projectDirPath = "";
			projectRoot = "";
			targets = (
				68702FDB2CE2F75900E2BF03 /* Home Maintainer */,
				68702FEB2CE2F75A00E2BF03 /* Home MaintainerTests */,
				68702FF52CE2F75A00E2BF03 /* Home MaintainerUITests */,
			);
		};
/* End PBXProject section */

/* Begin PBXResourcesBuildPhase section */
		68702FDA2CE2F75900E2BF03 /* Resources */ = {
			isa = PBXResourcesBuildPhase;
			buildActionMask = 2147483647;
			files = (
			);
			runOnlyForDeploymentPostprocessing = 0;
		};
		68702FEA2CE2F75A00E2BF03 /* Resources */ = {
			isa = PBXResourcesBuildPhase;
			buildActionMask = 2147483647;
			files = (
			);
			runOnlyForDeploymentPostprocessing = 0;
		};
		68702FF42CE2F75A00E2BF03 /* Resources */ = {
			isa = PBXResourcesBuildPhase;
			buildActionMask = 2147483647;
			files = (
			);
			runOnlyForDeploymentPostprocessing = 0;
		};
/* End PBXResourcesBuildPhase section */

/* Begin PBXSourcesBuildPhase section */
		68702FD82CE2F75900E2BF03 /* Sources */ = {
			isa = PBXSourcesBuildPhase;
			buildActionMask = 2147483647;
			files = (
				4C95318D2FF0E18600799AE8 /* ViewsRoomField.swift in Sources */,
				4C952FEB2FF0BA9D00799AE8 /* ModelsProductLink.swift in Sources */,
				4C952FED2FF0BAE700799AE8 /* ViewsProductLinks.swift in Sources */,
			);
			runOnlyForDeploymentPostprocessing = 0;
		};
		68702FE82CE2F75A00E2BF03 /* Sources */ = {
			isa = PBXSourcesBuildPhase;
			buildActionMask = 2147483647;
			files = (
			);
			runOnlyForDeploymentPostprocessing = 0;
		};
		68702FF22CE2F75A00E2BF03 /* Sources */ = {
			isa = PBXSourcesBuildPhase;
			buildActionMask = 2147483647;
			files = (
			);
			runOnlyForDeploymentPostprocessing = 0;
		};
/* End PBXSourcesBuildPhase section */

/* Begin PBXTargetDependency section */
		68702FEE2CE2F75A00E2BF03 /* PBXTargetDependency */ = {
			isa = PBXTargetDependency;
			target = 68702FDB2CE2F75900E2BF03 /* Home Maintainer */;
			targetProxy = 68702FED2CE2F75A00E2BF03 /* PBXContainerItemProxy */;
		};
		68702FF82CE2F75A00E2BF03 /* PBXTargetDependency */ = {
			isa = PBXTargetDependency;
			target = 68702FDB2CE2F75900E2BF03 /* Home Maintainer */;
			targetProxy = 68702FF72CE2F75A00E2BF03 /* PBXContainerItemProxy */;
		};
/* End PBXTargetDependency section */

/* Begin XCBuildConfiguration section */
		68702FFE2CE2F75A00E2BF03 /* Debug */ = {
			isa = XCBuildConfiguration;
			buildSettings = {
				ALWAYS_SEARCH_USER_PATHS = NO;
				ASSETCATALOG_COMPILER_GENERATE_SWIFT_ASSET_SYMBOL_EXTENSIONS = YES;
				CLANG_ANALYZER_NONNULL = YES;
				CLANG_ANALYZER_NUMBER_OBJECT_CONVERSION = YES_AGGRESSIVE;
				CLANG_CXX_LANGUAGE_STANDARD = "gnu++20";
				CLANG_ENABLE_MODULES = YES;
				CLANG_ENABLE_OBJC_ARC = YES;
				CLANG_ENABLE_OBJC_WEAK = YES;
				CLANG_WARN_BLOCK_CAPTURE_AUTORELEASING = YES;
				CLANG_WARN_BOOL_CONVERSION = YES;
				CLANG_WARN_COMMA = YES;
				CLANG_WARN_CONSTANT_CONVERSION = YES;
				CLANG_WARN_DEPRECATED_OBJC_IMPLEMENTATIONS = YES;
				CLANG_WARN_DIRECT_OBJC_ISA_USAGE = YES_ERROR;
				CLANG_WARN_DOCUMENTATION_COMMENTS = YES;
				CLANG_WARN_EMPTY_BODY = YES;
				CLANG_WARN_ENUM_CONVERSION = YES;
				CLANG_WARN_INFINITE_RECURSION = YES;
				CLANG_WARN_INT_CONVERSION = YES;
				CLANG_WARN_NON_LITERAL_NULL_CONVERSION = YES;
				CLANG_WARN_OBJC_IMPLICIT_RETAIN_SELF = YES;
				CLANG_WARN_OBJC_LITERAL_CONVERSION = YES;
				CLANG_WARN_OBJC_ROOT_CLASS = YES_ERROR;
				CLANG_WARN_QUOTED_INCLUDE_IN_FRAMEWORK_HEADER = YES;
				CLANG_WARN_RANGE_LOOP_ANALYSIS = YES;
				CLANG_WARN_STRICT_PROTOTYPES = YES;
				CLANG_WARN_SUSPICIOUS_MOVE = YES;
				CLANG_WARN_UNGUARDED_AVAILABILITY = YES_AGGRESSIVE;
				CLANG_WARN_UNREACHABLE_CODE = YES;
				CLANG_WARN__DUPLICATE_METHOD_MATCH = YES;
				COPY_PHASE_STRIP = NO;
				DEBUG_INFORMATION_FORMAT = dwarf;
				DEVELOPMENT_TEAM = 96F9RX7XG8;
				ENABLE_STRICT_OBJC_MSGSEND = YES;
				ENABLE_TESTABILITY = YES;
				ENABLE_USER_SCRIPT_SANDBOXING = YES;
				GCC_C_LANGUAGE_STANDARD = gnu17;
				GCC_DYNAMIC_NO_PIC = NO;
				GCC_NO_COMMON_BLOCKS = YES;
				GCC_OPTIMIZATION_LEVEL = 0;
				GCC_PREPROCESSOR_DEFINITIONS = (
					"DEBUG=1",
					"$(inherited)",
				);
				GCC_WARN_64_TO_32_BIT_CONVERSION = YES;
				GCC_WARN_ABOUT_RETURN_TYPE = YES_ERROR;
				GCC_WARN_UNDECLARED_SELECTOR = YES;
				GCC_WARN_UNINITIALIZED_AUTOS = YES_AGGRESSIVE;
				GCC_WARN_UNUSED_FUNCTION = YES;
				GCC_WARN_UNUSED_VARIABLE = YES;
				IPHONEOS_DEPLOYMENT_TARGET = 18.1;
				LOCALIZATION_PREFERS_STRING_CATALOGS = YES;
				MTL_ENABLE_DEBUG_INFO = INCLUDE_SOURCE;
				MTL_FAST_MATH = YES;
				ONLY_ACTIVE_ARCH = YES;
				SDKROOT = iphoneos;
				STRING_CATALOG_GENERATE_SYMBOLS = YES;
				SWIFT_ACTIVE_COMPILATION_CONDITIONS = "DEBUG $(inherited)";
				SWIFT_OPTIMIZATION_LEVEL = "-Onone";
			};
			name = Debug;
		};
		68702FFF2CE2F75A00E2BF03 /* Release */ = {
			isa = XCBuildConfiguration;
			buildSettings = {
				ALWAYS_SEARCH_USER_PATHS = NO;
				ASSETCATALOG_COMPILER_GENERATE_SWIFT_ASSET_SYMBOL_EXTENSIONS = YES;
				CLANG_ANALYZER_NONNULL = YES;
				CLANG_ANALYZER_NUMBER_OBJECT_CONVERSION = YES_AGGRESSIVE;
				CLANG_CXX_LANGUAGE_STANDARD = "gnu++20";
				CLANG_ENABLE_MODULES = YES;
				CLANG_ENABLE_OBJC_ARC = YES;
				CLANG_ENABLE_OBJC_WEAK = YES;
				CLANG_WARN_BLOCK_CAPTURE_AUTORELEASING = YES;
				CLANG_WARN_BOOL_CONVERSION = YES;
				CLANG_WARN_COMMA = YES;
				CLANG_WARN_CONSTANT_CONVERSION = YES;
				CLANG_WARN_DEPRECATED_OBJC_IMPLEMENTATIONS = YES;
				CLANG_WARN_DIRECT_OBJC_ISA_USAGE = YES_ERROR;
				CLANG_WARN_DOCUMENTATION_COMMENTS = YES;
				CLANG_WARN_EMPTY_BODY = YES;
				CLANG_WARN_ENUM_CONVERSION = YES;
				CLANG_WARN_INFINITE_RECURSION = YES;
				CLANG_WARN_INT_CONVERSION = YES;
				CLANG_WARN_NON_LITERAL_NULL_CONVERSION = YES;
				CLANG_WARN_OBJC_IMPLICIT_RETAIN_SELF = YES;
				CLANG_WARN_OBJC_LITERAL_CONVERSION = YES;
				CLANG_WARN_OBJC_ROOT_CLASS = YES_ERROR;
				CLANG_WARN_QUOTED_INCLUDE_IN_FRAMEWORK_HEADER = YES;
				CLANG_WARN_RANGE_LOOP_ANALYSIS = YES;
				CLANG_WARN_STRICT_PROTOTYPES = YES;
				CLANG_WARN_SUSPICIOUS_MOVE = YES;
				CLANG_WARN_UNGUARDED_AVAILABILITY = YES_AGGRESSIVE;
				CLANG_WARN_UNREACHABLE_CODE = YES;
				CLANG_WARN__DUPLICATE_METHOD_MATCH = YES;
				COPY_PHASE_STRIP = NO;
				DEBUG_INFORMATION_FORMAT = "dwarf-with-dsym";
				DEVELOPMENT_TEAM = 96F9RX7XG8;
				ENABLE_NS_ASSERTIONS = NO;
				ENABLE_STRICT_OBJC_MSGSEND = YES;
				ENABLE_USER_SCRIPT_SANDBOXING = YES;
				GCC_C_LANGUAGE_STANDARD = gnu17;
				GCC_NO_COMMON_BLOCKS = YES;
				GCC_WARN_64_TO_32_BIT_CONVERSION = YES;
				GCC_WARN_ABOUT_RETURN_TYPE = YES_ERROR;
				GCC_WARN_UNDECLARED_SELECTOR = YES;
				GCC_WARN_UNINITIALIZED_AUTOS = YES_AGGRESSIVE;
				GCC_WARN_UNUSED_FUNCTION = YES;
				GCC_WARN_UNUSED_VARIABLE = YES;
				IPHONEOS_DEPLOYMENT_TARGET = 18.1;
				LOCALIZATION_PREFERS_STRING_CATALOGS = YES;
				MTL_ENABLE_DEBUG_INFO = NO;
				MTL_FAST_MATH = YES;
				SDKROOT = iphoneos;
				STRING_CATALOG_GENERATE_SYMBOLS = YES;
				SWIFT_COMPILATION_MODE = wholemodule;
				VALIDATE_PRODUCT = YES;
			};
			name = Release;
		};
		687030012CE2F75A00E2BF03 /* Debug */ = {
			isa = XCBuildConfiguration;
			buildSettings = {
				ASSETCATALOG_COMPILER_APPICON_NAME = AppIcon;
				ASSETCATALOG_COMPILER_GLOBAL_ACCENT_COLOR_NAME = AccentColor;
				CODE_SIGN_STYLE = Automatic;
				CURRENT_PROJECT_VERSION = 1;
				DEVELOPMENT_ASSET_PATHS = "\"Home Maintainer/Preview Content\"";
				ENABLE_PREVIEWS = YES;
				GENERATE_INFOPLIST_FILE = YES;
				INFOPLIST_KEY_NSLocationWhenInUseUsageDescription = "We need your locatino to find local service providers near you";
				INFOPLIST_KEY_UIApplicationSceneManifest_Generation = YES;
				INFOPLIST_KEY_UIApplicationSupportsIndirectInputEvents = YES;
				INFOPLIST_KEY_UILaunchScreen_Generation = YES;
				INFOPLIST_KEY_UISupportedInterfaceOrientations_iPad = "UIInterfaceOrientationPortrait UIInterfaceOrientationPortraitUpsideDown UIInterfaceOrientationLandscapeLeft UIInterfaceOrientationLandscapeRight";
				INFOPLIST_KEY_UISupportedInterfaceOrientations_iPhone = "UIInterfaceOrientationPortrait UIInterfaceOrientationLandscapeLeft UIInterfaceOrientationLandscapeRight";
				LD_RUNPATH_SEARCH_PATHS = (
					"$(inherited)",
					"@executable_path/Frameworks",
				);
				MARKETING_VERSION = 1.0;
				PRODUCT_BUNDLE_IDENTIFIER = "EstraDOS.Home-Maintainer";
				PRODUCT_NAME = "$(TARGET_NAME)";
				SWIFT_EMIT_LOC_STRINGS = YES;
				SWIFT_VERSION = 5.0;
				TARGETED_DEVICE_FAMILY = "1,2";
			};
			name = Debug;
		};
		687030022CE2F75A00E2BF03 /* Release */ = {
			isa = XCBuildConfiguration;
			buildSettings = {
				ASSETCATALOG_COMPILER_APPICON_NAME = AppIcon;
				ASSETCATALOG_COMPILER_GLOBAL_ACCENT_COLOR_NAME = AccentColor;
				CODE_SIGN_STYLE = Automatic;
				CURRENT_PROJECT_VERSION = 1;
				DEVELOPMENT_ASSET_PATHS = "\"Home Maintainer/Preview Content\"";
				ENABLE_PREVIEWS = YES;
				GENERATE_INFOPLIST_FILE = YES;
				INFOPLIST_KEY_NSLocationWhenInUseUsageDescription = "We need your locatino to find local service providers near you";
				INFOPLIST_KEY_UIApplicationSceneManifest_Generation = YES;
				INFOPLIST_KEY_UIApplicationSupportsIndirectInputEvents = YES;
				INFOPLIST_KEY_UILaunchScreen_Generation = YES;
				INFOPLIST_KEY_UISupportedInterfaceOrientations_iPad = "UIInterfaceOrientationPortrait UIInterfaceOrientationPortraitUpsideDown UIInterfaceOrientationLandscapeLeft UIInterfaceOrientationLandscapeRight";
				INFOPLIST_KEY_UISupportedInterfaceOrientations_iPhone = "UIInterfaceOrientationPortrait UIInterfaceOrientationLandscapeLeft UIInterfaceOrientationLandscapeRight";
				LD_RUNPATH_SEARCH_PATHS = (
					"$(inherited)",
					"@executable_path/Frameworks",
				);
				MARKETING_VERSION = 1.0;
				PRODUCT_BUNDLE_IDENTIFIER = "EstraDOS.Home-Maintainer";
				PRODUCT_NAME = "$(TARGET_NAME)";
				SWIFT_EMIT_LOC_STRINGS = YES;
				SWIFT_VERSION = 5.0;
				TARGETED_DEVICE_FAMILY = "1,2";
			};
			name = Release;
		};
		687030042CE2F75A00E2BF03 /* Debug */ = {
			isa = XCBuildConfiguration;
			buildSettings = {
				BUNDLE_LOADER = "$(TEST_HOST)";
				CODE_SIGN_STYLE = Automatic;
				CURRENT_PROJECT_VERSION = 1;
				GENERATE_INFOPLIST_FILE = YES;
				IPHONEOS_DEPLOYMENT_TARGET = 18.1;
				MARKETING_VERSION = 1.0;
				PRODUCT_BUNDLE_IDENTIFIER = "EstraDOS.Home-MaintainerTests";
				PRODUCT_NAME = "$(TARGET_NAME)";
				SWIFT_EMIT_LOC_STRINGS = NO;
				SWIFT_VERSION = 5.0;
				TARGETED_DEVICE_FAMILY = "1,2";
				TEST_HOST = "$(BUILT_PRODUCTS_DIR)/Home Maintainer.app/$(BUNDLE_EXECUTABLE_FOLDER_PATH)/Home Maintainer";
			};
			name = Debug;
		};
		687030052CE2F75A00E2BF03 /* Release */ = {
			isa = XCBuildConfiguration;
			buildSettings = {
				BUNDLE_LOADER = "$(TEST_HOST)";
				CODE_SIGN_STYLE = Automatic;
				CURRENT_PROJECT_VERSION = 1;
				GENERATE_INFOPLIST_FILE = YES;
				IPHONEOS_DEPLOYMENT_TARGET = 18.1;
				MARKETING_VERSION = 1.0;
				PRODUCT_BUNDLE_IDENTIFIER = "EstraDOS.Home-MaintainerTests";
				PRODUCT_NAME = "$(TARGET_NAME)";
				SWIFT_EMIT_LOC_STRINGS = NO;
				SWIFT_VERSION = 5.0;
				TARGETED_DEVICE_FAMILY = "1,2";
				TEST_HOST = "$(BUILT_PRODUCTS_DIR)/Home Maintainer.app/$(BUNDLE_EXECUTABLE_FOLDER_PATH)/Home Maintainer";
			};
			name = Release;
		};
		687030072CE2F75A00E2BF03 /* Debug */ = {
			isa = XCBuildConfiguration;
			buildSettings = {
				CODE_SIGN_STYLE = Automatic;
				CURRENT_PROJECT_VERSION = 1;
				GENERATE_INFOPLIST_FILE = YES;
				MARKETING_VERSION = 1.0;
				PRODUCT_BUNDLE_IDENTIFIER = "EstraDOS.Home-MaintainerUITests";
				PRODUCT_NAME = "$(TARGET_NAME)";
				SWIFT_EMIT_LOC_STRINGS = NO;
				SWIFT_VERSION = 5.0;
				TARGETED_DEVICE_FAMILY = "1,2";
				TEST_TARGET_NAME = "Home Maintainer";
			};
			name = Debug;
		};
		687030082CE2F75A00E2BF03 /* Release */ = {
			isa = XCBuildConfiguration;
			buildSettings = {
				CODE_SIGN_STYLE = Automatic;
				CURRENT_PROJECT_VERSION = 1;
				GENERATE_INFOPLIST_FILE = YES;
				MARKETING_VERSION = 1.0;
				PRODUCT_BUNDLE_IDENTIFIER = "EstraDOS.Home-MaintainerUITests";
				PRODUCT_NAME = "$(TARGET_NAME)";
				SWIFT_EMIT_LOC_STRINGS = NO;
				SWIFT_VERSION = 5.0;
				TARGETED_DEVICE_FAMILY = "1,2";
				TEST_TARGET_NAME = "Home Maintainer";
			};
			name = Release;
		};
/* End XCBuildConfiguration section */

/* Begin XCConfigurationList section */
		68702FD72CE2F75900E2BF03 /* Build configuration list for PBXProject "Home Maintainer" */ = {
			isa = XCConfigurationList;
			buildConfigurations = (
				68702FFE2CE2F75A00E2BF03 /* Debug */,
				68702FFF2CE2F75A00E2BF03 /* Release */,
			);
			defaultConfigurationIsVisible = 0;
			defaultConfigurationName = Release;
		};
		687030002CE2F75A00E2BF03 /* Build configuration list for PBXNativeTarget "Home Maintainer" */ = {
			isa = XCConfigurationList;
			buildConfigurations = (
				687030012CE2F75A00E2BF03 /* Debug */,
				687030022CE2F75A00E2BF03 /* Release */,
			);
			defaultConfigurationIsVisible = 0;
			defaultConfigurationName = Release;
		};
		687030032CE2F75A00E2BF03 /* Build configuration list for PBXNativeTarget "Home MaintainerTests" */ = {
			isa = XCConfigurationList;
			buildConfigurations = (
				687030042CE2F75A00E2BF03 /* Debug */,
				687030052CE2F75A00E2BF03 /* Release */,
			);
			defaultConfigurationIsVisible = 0;
			defaultConfigurationName = Release;
		};
		687030062CE2F75A00E2BF03 /* Build configuration list for PBXNativeTarget "Home MaintainerUITests" */ = {
			isa = XCConfigurationList;
			buildConfigurations = (
				687030072CE2F75A00E2BF03 /* Debug */,
				687030082CE2F75A00E2BF03 /* Release */,
			);
			defaultConfigurationIsVisible = 0;
			defaultConfigurationName = Release;
		};
/* End XCConfigurationList section */
	};
	rootObject = 68702FD42CE2F75900E2BF03 /* Project object */;
}
